
Microsoft Visual Studio Solution File, Format Version 12.00
# Visual Studio Version 16
VisualStudioVersion = 16.0.30717.126
MinimumVisualStudioVersion = 10.0.40219.1
Project("{FAE04EC0-301F-11D3-BF4B-00C04F79EFBC}") = "PRASATH S V", "PRASATH S V\PRASATH S V.csproj", "{970F764A-17DF-4F82-9BD1-14990674EBD8}"
EndProject
Global
	GlobalSection(SolutionConfigurationPlatforms) = preSolution
		Debug|Any CPU = Debug|Any CPU
		Release|Any CPU = Release|Any CPU
	EndGlobalSection
	GlobalSection(ProjectConfigurationPlatforms) = postSolution
		{970F764A-17DF-4F82-9BD1-14990674EBD8}.Debug|Any CPU.ActiveCfg = Debug|Any CPU
		{970F764A-17DF-4F82-9BD1-14990674EBD8}.Debug|Any CPU.Build.0 = Debug|Any CPU
		{970F764A-17DF-4F82-9BD1-14990674EBD8}.Debug|Any CPU.Deploy.0 = Debug|Any CPU
		{970F764A-17DF-4F82-9BD1-14990674EBD8}.Release|Any CPU.ActiveCfg = Release|Any CPU
		{970F764A-17DF-4F82-9BD1-14990674EBD8}.Release|Any CPU.Build.0 = Release|Any CPU
		{970F764A-17DF-4F82-9BD1-14990674EBD8}.Release|Any CPU.Deploy.0 = Release|Any CPU
	EndGlobalSection
	GlobalSection(SolutionProperties) = preSolution
		HideSolutionNode = FALSE
	EndGlobalSection
	GlobalSection(ExtensibilityGlobals) = postSolution
		SolutionGuid = {F7DA2D10-2015-4C89-8214-4812E0315C3B}
	EndGlobalSection
EndGlobal
